// !$*UTF8*$!
{
	archiveVersion = 1;
	classes = {
	};
	objectVersion = 46;
	objects = {

/* Begin PBXBuildFile section */
		1D45B83E9BF45F22D73A18E8 /* Pods_HackMIT2016.framework in Frameworks */ = {isa = PBXBuildFile; fileRef = 836177CF6C4E34C8983A368B /* Pods_HackMIT2016.framework */; };
		BB3758361D8DC6CF001051EC /* AVFoundation.framework in Frameworks */ = {isa = PBXBuildFile; fileRef = BB3758351D8DC6CF001051EC /* AVFoundation.framework */; };
		BB7E4E111D8DBDCD00E0CCF8 /* ItemDetail.storyboard in Resources */ = {isa = PBXBuildFile; fileRef = BB7E4E101D8DBDCD00E0CCF8 /* ItemDetail.storyboard */; };
		BB7E4E131D8DBDDF00E0CCF8 /* Capture.storyboard in Resources */ = {isa = PBXBuildFile; fileRef = BB7E4E121D8DBDDF00E0CCF8 /* Capture.storyboard */; };
		BB7E4E151D8DBDED00E0CCF8 /* Profile.storyboard in Resources */ = {isa = PBXBuildFile; fileRef = BB7E4E141D8DBDED00E0CCF8 /* Profile.storyboard */; };
		BB7E4E1A1D8DBEE300E0CCF8 /* Navigation.storyboard in Resources */ = {isa = PBXBuildFile; fileRef = BB7E4E191D8DBEE300E0CCF8 /* Navigation.storyboard */; };
		BB7E4E1D1D8DBF6A00E0CCF8 /* ProfileViewController.swift in Sources */ = {isa = PBXBuildFile; fileRef = BB7E4E1C1D8DBF6A00E0CCF8 /* ProfileViewController.swift */; };
		BB7E4E201D8DC03B00E0CCF8 /* MessageListViewController.swift in Sources */ = {isa = PBXBuildFile; fileRef = BB7E4E1F1D8DC03B00E0CCF8 /* MessageListViewController.swift */; };
		BB7E4E221D8DC04900E0CCF8 /* ChatViewController.swift in Sources */ = {isa = PBXBuildFile; fileRef = BB7E4E211D8DC04900E0CCF8 /* ChatViewController.swift */; };
		BB7E4E241D8DC05700E0CCF8 /* Message.storyboard in Resources */ = {isa = PBXBuildFile; fileRef = BB7E4E231D8DC05700E0CCF8 /* Message.storyboard */; };
		D8EE78771D8DAFFD00856D4A /* AppDelegate.swift in Sources */ = {isa = PBXBuildFile; fileRef = D8EE78761D8DAFFD00856D4A /* AppDelegate.swift */; };
		D8EE78791D8DAFFD00856D4A /* HomeViewController.swift in Sources */ = {isa = PBXBuildFile; fileRef = D8EE78781D8DAFFD00856D4A /* HomeViewController.swift */; };
		D8EE787C1D8DAFFD00856D4A /* HomePage.storyboard in Resources */ = {isa = PBXBuildFile; fileRef = D8EE787A1D8DAFFD00856D4A /* HomePage.storyboard */; };
		D8EE787E1D8DAFFD00856D4A /* Assets.xcassets in Resources */ = {isa = PBXBuildFile; fileRef = D8EE787D1D8DAFFD00856D4A /* Assets.xcassets */; };
		D8EE78811D8DAFFD00856D4A /* LaunchScreen.storyboard in Resources */ = {isa = PBXBuildFile; fileRef = D8EE787F1D8DAFFD00856D4A /* LaunchScreen.storyboard */; };
		D8EE78891D8DBB6300856D4A /* SplashViewController.swift in Sources */ = {isa = PBXBuildFile; fileRef = D8EE78881D8DBB6300856D4A /* SplashViewController.swift */; };
		D8EE788B1D8DBB8600856D4A /* CaptureViewController.swift in Sources */ = {isa = PBXBuildFile; fileRef = D8EE788A1D8DBB8600856D4A /* CaptureViewController.swift */; };
		D8EE788D1D8DBB9600856D4A /* DetailViewController.swift in Sources */ = {isa = PBXBuildFile; fileRef = D8EE788C1D8DBB9600856D4A /* DetailViewController.swift */; };
		D8EE788F1D8DBE2800856D4A /* Item.swift in Sources */ = {isa = PBXBuildFile; fileRef = D8EE788E1D8DBE2800856D4A /* Item.swift */; };
		D8EE78911D8DBEA800856D4A /* User.swift in Sources */ = {isa = PBXBuildFile; fileRef = D8EE78901D8DBEA800856D4A /* User.swift */; };
/* End PBXBuildFile section */

/* Begin PBXFileReference section */
		46484E08E304AED8AE1E1D84 /* Pods-HackMIT2016.release.xcconfig */ = {isa = PBXFileReference; includeInIndex = 1; lastKnownFileType = text.xcconfig; name = "Pods-HackMIT2016.release.xcconfig"; path = "Pods/Target Support Files/Pods-HackMIT2016/Pods-HackMIT2016.release.xcconfig"; sourceTree = "<group>"; };
		7A169DB1CE735DE2C03B8B5A /* Pods-HackMIT2016.debug.xcconfig */ = {isa = PBXFileReference; includeInIndex = 1; lastKnownFileType = text.xcconfig; name = "Pods-HackMIT2016.debug.xcconfig"; path = "Pods/Target Support Files/Pods-HackMIT2016/Pods-HackMIT2016.debug.xcconfig"; sourceTree = "<group>"; };
		836177CF6C4E34C8983A368B /* Pods_HackMIT2016.framework */ = {isa = PBXFileReference; explicitFileType = wrapper.framework; includeInIndex = 0; path = Pods_HackMIT2016.framework; sourceTree = BUILT_PRODUCTS_DIR; };
		BB3758351D8DC6CF001051EC /* AVFoundation.framework */ = {isa = PBXFileReference; lastKnownFileType = wrapper.framework; name = AVFoundation.framework; path = System/Library/Frameworks/AVFoundation.framework; sourceTree = SDKROOT; };
		BB7E4E101D8DBDCD00E0CCF8 /* ItemDetail.storyboard */ = {isa = PBXFileReference; fileEncoding = 4; lastKnownFileType = file.storyboard; path = ItemDetail.storyboard; sourceTree = "<group>"; };
		BB7E4E121D8DBDDF00E0CCF8 /* Capture.storyboard */ = {isa = PBXFileReference; fileEncoding = 4; lastKnownFileType = file.storyboard; path = Capture.storyboard; sourceTree = "<group>"; };
		BB7E4E141D8DBDED00E0CCF8 /* Profile.storyboard */ = {isa = PBXFileReference; fileEncoding = 4; lastKnownFileType = file.storyboard; path = Profile.storyboard; sourceTree = "<group>"; };
		BB7E4E191D8DBEE300E0CCF8 /* Navigation.storyboard */ = {isa = PBXFileReference; fileEncoding = 4; lastKnownFileType = file.storyboard; path = Navigation.storyboard; sourceTree = "<group>"; };
		BB7E4E1C1D8DBF6A00E0CCF8 /* ProfileViewController.swift */ = {isa = PBXFileReference; fileEncoding = 4; lastKnownFileType = sourcecode.swift; path = ProfileViewController.swift; sourceTree = "<group>"; };
		BB7E4E1F1D8DC03B00E0CCF8 /* MessageListViewController.swift */ = {isa = PBXFileReference; fileEncoding = 4; lastKnownFileType = sourcecode.swift; path = MessageListViewController.swift; sourceTree = "<group>"; };
		BB7E4E211D8DC04900E0CCF8 /* ChatViewController.swift */ = {isa = PBXFileReference; fileEncoding = 4; lastKnownFileType = sourcecode.swift; path = ChatViewController.swift; sourceTree = "<group>"; };
		BB7E4E231D8DC05700E0CCF8 /* Message.storyboard */ = {isa = PBXFileReference; fileEncoding = 4; lastKnownFileType = file.storyboard; name = Message.storyboard; path = ../Message.storyboard; sourceTree = "<group>"; };
		D8EE78731D8DAFFD00856D4A /* HackMIT2016.app */ = {isa = PBXFileReference; explicitFileType = wrapper.application; includeInIndex = 0; path = HackMIT2016.app; sourceTree = BUILT_PRODUCTS_DIR; };
		D8EE78761D8DAFFD00856D4A /* AppDelegate.swift */ = {isa = PBXFileReference; lastKnownFileType = sourcecode.swift; path = AppDelegate.swift; sourceTree = "<group>"; };
		D8EE78781D8DAFFD00856D4A /* HomeViewController.swift */ = {isa = PBXFileReference; lastKnownFileType = sourcecode.swift; path = HomeViewController.swift; sourceTree = "<group>"; };
		D8EE787B1D8DAFFD00856D4A /* Base */ = {isa = PBXFileReference; lastKnownFileType = file.storyboard; name = Base; path = Base.lproj/HomePage.storyboard; sourceTree = "<group>"; };
		D8EE787D1D8DAFFD00856D4A /* Assets.xcassets */ = {isa = PBXFileReference; lastKnownFileType = folder.assetcatalog; path = Assets.xcassets; sourceTree = "<group>"; };
		D8EE78801D8DAFFD00856D4A /* Base */ = {isa = PBXFileReference; lastKnownFileType = file.storyboard; name = Base; path = Base.lproj/LaunchScreen.storyboard; sourceTree = "<group>"; };
		D8EE78821D8DAFFD00856D4A /* Info.plist */ = {isa = PBXFileReference; lastKnownFileType = text.plist.xml; path = Info.plist; sourceTree = "<group>"; };
		D8EE78881D8DBB6300856D4A /* SplashViewController.swift */ = {isa = PBXFileReference; fileEncoding = 4; lastKnownFileType = sourcecode.swift; path = SplashViewController.swift; sourceTree = "<group>"; };
		D8EE788A1D8DBB8600856D4A /* CaptureViewController.swift */ = {isa = PBXFileReference; fileEncoding = 4; lastKnownFileType = sourcecode.swift; path = CaptureViewController.swift; sourceTree = "<group>"; };
		D8EE788C1D8DBB9600856D4A /* DetailViewController.swift */ = {isa = PBXFileReference; fileEncoding = 4; lastKnownFileType = sourcecode.swift; path = DetailViewController.swift; sourceTree = "<group>"; };
		D8EE788E1D8DBE2800856D4A /* Item.swift */ = {isa = PBXFileReference; fileEncoding = 4; lastKnownFileType = sourcecode.swift; path = Item.swift; sourceTree = "<group>"; };
		D8EE78901D8DBEA800856D4A /* User.swift */ = {isa = PBXFileReference; fileEncoding = 4; lastKnownFileType = sourcecode.swift; path = User.swift; sourceTree = "<group>"; };
/* End PBXFileReference section */

/* Begin PBXFrameworksBuildPhase section */
		D8EE78701D8DAFFD00856D4A /* Frameworks */ = {
			isa = PBXFrameworksBuildPhase;
			buildActionMask = 2147483647;
			files = (
				BB3758361D8DC6CF001051EC /* AVFoundation.framework in Frameworks */,
				1D45B83E9BF45F22D73A18E8 /* Pods_HackMIT2016.framework in Frameworks */,
			);
			runOnlyForDeploymentPostprocessing = 0;
		};
/* End PBXFrameworksBuildPhase section */

/* Begin PBXGroup section */
		4B5FD3DB3EADD3CC987A7988 /* Frameworks */ = {
			isa = PBXGroup;
			children = (
				BB3758351D8DC6CF001051EC /* AVFoundation.framework */,
				836177CF6C4E34C8983A368B /* Pods_HackMIT2016.framework */,
			);
			name = Frameworks;
			sourceTree = "<group>";
		};
		BB3758341D8DC492001051EC /* Model */ = {
			isa = PBXGroup;
			children = (
				D8EE788E1D8DBE2800856D4A /* Item.swift */,
				D8EE78901D8DBEA800856D4A /* User.swift */,
			);
			name = Model;
			sourceTree = "<group>";
		};
		BB7E4E161D8DBE0D00E0CCF8 /* HomePage */ = {
			isa = PBXGroup;
			children = (
				D8EE787A1D8DAFFD00856D4A /* HomePage.storyboard */,
				D8EE78881D8DBB6300856D4A /* SplashViewController.swift */,
				D8EE78781D8DAFFD00856D4A /* HomeViewController.swift */,
			);
			name = HomePage;
			sourceTree = "<group>";
		};
		BB7E4E171D8DBE1200E0CCF8 /* ItemDetail */ = {
			isa = PBXGroup;
			children = (
				BB7E4E101D8DBDCD00E0CCF8 /* ItemDetail.storyboard */,
				D8EE788C1D8DBB9600856D4A /* DetailViewController.swift */,
			);
			name = ItemDetail;
			sourceTree = "<group>";
		};
		BB7E4E181D8DBE1800E0CCF8 /* Capture */ = {
			isa = PBXGroup;
			children = (
				BB7E4E121D8DBDDF00E0CCF8 /* Capture.storyboard */,
				D8EE788A1D8DBB8600856D4A /* CaptureViewController.swift */,
			);
			name = Capture;
			sourceTree = "<group>";
		};
		BB7E4E1B1D8DBEEC00E0CCF8 /* Navigation */ = {
			isa = PBXGroup;
			children = (
				BB7E4E191D8DBEE300E0CCF8 /* Navigation.storyboard */,
			);
			name = Navigation;
			sourceTree = "<group>";
		};
		BB7E4E1E1D8DBF6F00E0CCF8 /* Profile */ = {
			isa = PBXGroup;
			children = (
				BB7E4E1C1D8DBF6A00E0CCF8 /* ProfileViewController.swift */,
				BB7E4E141D8DBDED00E0CCF8 /* Profile.storyboard */,
			);
			name = Profile;
			sourceTree = "<group>";
		};
		BB7E4E251D8DC06C00E0CCF8 /* Messages */ = {
			isa = PBXGroup;
			children = (
				BB7E4E1F1D8DC03B00E0CCF8 /* MessageListViewController.swift */,
				BB7E4E211D8DC04900E0CCF8 /* ChatViewController.swift */,
				BB7E4E231D8DC05700E0CCF8 /* Message.storyboard */,
			);
			name = Messages;
			sourceTree = "<group>";
		};
		BE440C35A98D7EA70AD43D06 /* Pods */ = {
			isa = PBXGroup;
			children = (
				7A169DB1CE735DE2C03B8B5A /* Pods-HackMIT2016.debug.xcconfig */,
				46484E08E304AED8AE1E1D84 /* Pods-HackMIT2016.release.xcconfig */,
			);
			name = Pods;
			sourceTree = "<group>";
		};
		D8EE786A1D8DAFFD00856D4A = {
			isa = PBXGroup;
			children = (
				D8EE78751D8DAFFD00856D4A /* HackMIT2016 */,
				D8EE78741D8DAFFD00856D4A /* Products */,
				BE440C35A98D7EA70AD43D06 /* Pods */,
				4B5FD3DB3EADD3CC987A7988 /* Frameworks */,
			);
			sourceTree = "<group>";
		};
		D8EE78741D8DAFFD00856D4A /* Products */ = {
			isa = PBXGroup;
			children = (
				D8EE78731D8DAFFD00856D4A /* HackMIT2016.app */,
			);
			name = Products;
			sourceTree = "<group>";
		};
		D8EE78751D8DAFFD00856D4A /* HackMIT2016 */ = {
			isa = PBXGroup;
			children = (
				D8EE78761D8DAFFD00856D4A /* AppDelegate.swift */,
				BB7E4E1B1D8DBEEC00E0CCF8 /* Navigation */,
				BB7E4E161D8DBE0D00E0CCF8 /* HomePage */,
				BB7E4E171D8DBE1200E0CCF8 /* ItemDetail */,
				BB7E4E181D8DBE1800E0CCF8 /* Capture */,
				BB7E4E1E1D8DBF6F00E0CCF8 /* Profile */,
				BB7E4E251D8DC06C00E0CCF8 /* Messages */,
				BB3758341D8DC492001051EC /* Model */,
				D8EE787D1D8DAFFD00856D4A /* Assets.xcassets */,
				D8EE787F1D8DAFFD00856D4A /* LaunchScreen.storyboard */,
				D8EE78821D8DAFFD00856D4A /* Info.plist */,
			);
			path = HackMIT2016;
			sourceTree = "<group>";
		};
/* End PBXGroup section */

/* Begin PBXNativeTarget section */
		D8EE78721D8DAFFD00856D4A /* HackMIT2016 */ = {
			isa = PBXNativeTarget;
			buildConfigurationList = D8EE78851D8DAFFD00856D4A /* Build configuration list for PBXNativeTarget "HackMIT2016" */;
			buildPhases = (
				C2357CF54164BFC165482648 /* [CP] Check Pods Manifest.lock */,
				D8EE786F1D8DAFFD00856D4A /* Sources */,
				D8EE78701D8DAFFD00856D4A /* Frameworks */,
				D8EE78711D8DAFFD00856D4A /* Resources */,
				8F2E6177C9705534712C80C2 /* [CP] Embed Pods Frameworks */,
				90855B8A9031C43EB3752B84 /* [CP] Copy Pods Resources */,
			);
			buildRules = (
			);
			dependencies = (
			);
			name = HackMIT2016;
			productName = HackMIT2016;
			productReference = D8EE78731D8DAFFD00856D4A /* HackMIT2016.app */;
			productType = "com.apple.product-type.application";
		};
/* End PBXNativeTarget section */

/* Begin PBXProject section */
		D8EE786B1D8DAFFD00856D4A /* Project object */ = {
			isa = PBXProject;
			attributes = {
				LastSwiftUpdateCheck = 0800;
				LastUpgradeCheck = 0800;
				ORGANIZATIONNAME = "Nathan Gitter";
				TargetAttributes = {
					D8EE78721D8DAFFD00856D4A = {
						CreatedOnToolsVersion = 8.0;
						DevelopmentTeam = 9XWYL3K4YT;
						ProvisioningStyle = Automatic;
					};
				};
			};
			buildConfigurationList = D8EE786E1D8DAFFD00856D4A /* Build configuration list for PBXProject "HackMIT2016" */;
			compatibilityVersion = "Xcode 3.2";
			developmentRegion = English;
			hasScannedForEncodings = 0;
			knownRegions = (
				en,
				Base,
			);
			mainGroup = D8EE786A1D8DAFFD00856D4A;
			productRefGroup = D8EE78741D8DAFFD00856D4A /* Products */;
			projectDirPath = "";
			projectRoot = "";
			targets = (
				D8EE78721D8DAFFD00856D4A /* HackMIT2016 */,
			);
		};
/* End PBXProject section */

/* Begin PBXResourcesBuildPhase section */
		D8EE78711D8DAFFD00856D4A /* Resources */ = {
			isa = PBXResourcesBuildPhase;
			buildActionMask = 2147483647;
			files = (
				BB7E4E151D8DBDED00E0CCF8 /* Profile.storyboard in Resources */,
				BB7E4E131D8DBDDF00E0CCF8 /* Capture.storyboard in Resources */,
				D8EE78811D8DAFFD00856D4A /* LaunchScreen.storyboard in Resources */,
				D8EE787E1D8DAFFD00856D4A /* Assets.xcassets in Resources */,
				BB7E4E111D8DBDCD00E0CCF8 /* ItemDetail.storyboard in Resources */,
				D8EE787C1D8DAFFD00856D4A /* HomePage.storyboard in Resources */,
				BB7E4E241D8DC05700E0CCF8 /* Message.storyboard in Resources */,
				BB7E4E1A1D8DBEE300E0CCF8 /* Navigation.storyboard in Resources */,
			);
			runOnlyForDeploymentPostprocessing = 0;
		};
/* End PBXResourcesBuildPhase section */

/* Begin PBXShellScriptBuildPhase section */
		8F2E6177C9705534712C80C2 /* [CP] Embed Pods Frameworks */ = {
			isa = PBXShellScriptBuildPhase;
			buildActionMask = 2147483647;
			files = (
			);
			inputPaths = (
			);
			name = "[CP] Embed Pods Frameworks";
			outputPaths = (
			);
			runOnlyForDeploymentPostprocessing = 0;
			shellPath = /bin/sh;
			shellScript = "\"${SRCROOT}/Pods/Target Support Files/Pods-HackMIT2016/Pods-HackMIT2016-frameworks.sh\"\n";
			showEnvVarsInLog = 0;
		};
		90855B8A9031C43EB3752B84 /* [CP] Copy Pods Resources */ = {
			isa = PBXShellScriptBuildPhase;
			buildActionMask = 2147483647;
			files = (
			);
			inputPaths = (
			);
			name = "[CP] Copy Pods Resources";
			outputPaths = (
			);
			runOnlyForDeploymentPostprocessing = 0;
			shellPath = /bin/sh;
			shellScript = "\"${SRCROOT}/Pods/Target Support Files/Pods-HackMIT2016/Pods-HackMIT2016-resources.sh\"\n";
			showEnvVarsInLog = 0;
		};
		C2357CF54164BFC165482648 /* [CP] Check Pods Manifest.lock */ = {
			isa = PBXShellScriptBuildPhase;
			buildActionMask = 2147483647;
			files = (
			);
			inputPaths = (
			);
			name = "[CP] Check Pods Manifest.lock";
			outputPaths = (
			);
			runOnlyForDeploymentPostprocessing = 0;
			shellPath = /bin/sh;
			shellScript = "diff \"${PODS_ROOT}/../Podfile.lock\" \"${PODS_ROOT}/Manifest.lock\" > /dev/null\nif [[ $? != 0 ]] ; then\n    cat << EOM\nerror: The sandbox is not in sync with the Podfile.lock. Run 'pod install' or update your CocoaPods installation.\nEOM\n    exit 1\nfi\n";
			showEnvVarsInLog = 0;
		};
/* End PBXShellScriptBuildPhase section */

/* Begin PBXSourcesBuildPhase section */
		D8EE786F1D8DAFFD00856D4A /* Sources */ = {
			isa = PBXSourcesBuildPhase;
			buildActionMask = 2147483647;
			files = (
				BB7E4E201D8DC03B00E0CCF8 /* MessageListViewController.swift in Sources */,
				BB7E4E1D1D8DBF6A00E0CCF8 /* ProfileViewController.swift in Sources */,
				BB7E4E221D8DC04900E0CCF8 /* ChatViewController.swift in Sources */,
				D8EE78891D8DBB6300856D4A /* SplashViewController.swift in Sources */,
				D8EE788B1D8DBB8600856D4A /* CaptureViewController.swift in Sources */,
				D8EE788D1D8DBB9600856D4A /* DetailViewController.swift in Sources */,
				D8EE78791D8DAFFD00856D4A /* HomeViewController.swift in Sources */,
				D8EE788F1D8DBE2800856D4A /* Item.swift in Sources */,
				D8EE78771D8DAFFD00856D4A /* AppDelegate.swift in Sources */,
				D8EE78911D8DBEA800856D4A /* User.swift in Sources */,
			);
			runOnlyForDeploymentPostprocessing = 0;
		};
/* End PBXSourcesBuildPhase section */

/* Begin PBXVariantGroup section */
		D8EE787A1D8DAFFD00856D4A /* HomePage.storyboard */ = {
			isa = PBXVariantGroup;
			children = (
				D8EE787B1D8DAFFD00856D4A /* Base */,
			);
			name = HomePage.storyboard;
			sourceTree = "<group>";
		};
		D8EE787F1D8DAFFD00856D4A /* LaunchScreen.storyboard */ = {
			isa = PBXVariantGroup;
			children = (
				D8EE78801D8DAFFD00856D4A /* Base */,
			);
			name = LaunchScreen.storyboard;
			sourceTree = "<group>";
		};
/* End PBXVariantGroup section */

/* Begin XCBuildConfiguration section */
		D8EE78831D8DAFFD00856D4A /* Debug */ = {
			isa = XCBuildConfiguration;
			buildSettings = {
				ALWAYS_SEARCH_USER_PATHS = NO;
				CLANG_ANALYZER_NONNULL = YES;
				CLANG_CXX_LANGUAGE_STANDARD = "gnu++0x";
				CLANG_CXX_LIBRARY = "libc++";
				CLANG_ENABLE_MODULES = YES;
				CLANG_ENABLE_OBJC_ARC = YES;
				CLANG_WARN_BOOL_CONVERSION = YES;
				CLANG_WARN_CONSTANT_CONVERSION = YES;
				CLANG_WARN_DIRECT_OBJC_ISA_USAGE = YES_ERROR;
				CLANG_WARN_DOCUMENTATION_COMMENTS = YES;
				CLANG_WARN_EMPTY_BODY = YES;
				CLANG_WARN_ENUM_CONVERSION = YES;
				CLANG_WARN_INFINITE_RECURSION = YES;
				CLANG_WARN_INT_CONVERSION = YES;
				CLANG_WARN_OBJC_ROOT_CLASS = YES_ERROR;
				CLANG_WARN_SUSPICIOUS_MOVES = YES;
				CLANG_WARN_UNREACHABLE_CODE = YES;
				CLANG_WARN__DUPLICATE_METHOD_MATCH = YES;
				"CODE_SIGN_IDENTITY[sdk=iphoneos*]" = "iPhone Developer";
				COPY_PHASE_STRIP = NO;
				DEBUG_INFORMATION_FORMAT = dwarf;
				ENABLE_STRICT_OBJC_MSGSEND = YES;
				ENABLE_TESTABILITY = YES;
				GCC_C_LANGUAGE_STANDARD = gnu99;
				GCC_DYNAMIC_NO_PIC = NO;
				GCC_NO_COMMON_BLOCKS = YES;
				GCC_OPTIMIZATION_LEVEL = 0;
				GCC_PREPROCESSOR_DEFINITIONS = (
					"DEBUG=1",
					"$(inherited)",
				);
				GCC_WARN_64_TO_32_BIT_CONVERSION = YES;
				GCC_WARN_ABOUT_RETURN_TYPE = YES_ERROR;
				GCC_WARN_UNDECLARED_SELECTOR = YES;
				GCC_WARN_UNINITIALIZED_AUTOS = YES_AGGRESSIVE;
				GCC_WARN_UNUSED_FUNCTION = YES;
				GCC_WARN_UNUSED_VARIABLE = YES;
				IPHONEOS_DEPLOYMENT_TARGET = 10.0;
				MTL_ENABLE_DEBUG_INFO = YES;
				ONLY_ACTIVE_ARCH = YES;
				SDKROOT = iphoneos;
				SWIFT_ACTIVE_COMPILATION_CONDITIONS = DEBUG;
				SWIFT_OPTIMIZATION_LEVEL = "-Onone";
				TARGETED_DEVICE_FAMILY = "1,2";
			};
			name = Debug;
		};
		D8EE78841D8DAFFD00856D4A /* Release */ = {
			isa = XCBuildConfiguration;
			buildSettings = {
				ALWAYS_SEARCH_USER_PATHS = NO;
				CLANG_ANALYZER_NONNULL = YES;
				CLANG_CXX_LANGUAGE_STANDARD = "gnu++0x";
				CLANG_CXX_LIBRARY = "libc++";
				CLANG_ENABLE_MODULES = YES;
				CLANG_ENABLE_OBJC_ARC = YES;
				CLANG_WARN_BOOL_CONVERSION = YES;
				CLANG_WARN_CONSTANT_CONVERSION = YES;
				CLANG_WARN_DIRECT_OBJC_ISA_USAGE = YES_ERROR;
				CLANG_WARN_DOCUMENTATION_COMMENTS = YES;
				CLANG_WARN_EMPTY_BODY = YES;
				CLANG_WARN_ENUM_CONVERSION = YES;
				CLANG_WARN_INFINITE_RECURSION = YES;
				CLANG_WARN_INT_CONVERSION = YES;
				CLANG_WARN_OBJC_ROOT_CLASS = YES_ERROR;
				CLANG_WARN_SUSPICIOUS_MOVES = YES;
				CLANG_WARN_UNREACHABLE_CODE = YES;
				CLANG_WARN__DUPLICATE_METHOD_MATCH = YES;
				"CODE_SIGN_IDENTITY[sdk=iphoneos*]" = "iPhone Developer";
				COPY_PHASE_STRIP = NO;
				DEBUG_INFORMATION_FORMAT = "dwarf-with-dsym";
				ENABLE_NS_ASSERTIONS = NO;
				ENABLE_STRICT_OBJC_MSGSEND = YES;
				GCC_C_LANGUAGE_STANDARD = gnu99;
				GCC_NO_COMMON_BLOCKS = YES;
				GCC_WARN_64_TO_32_BIT_CONVERSION = YES;
				GCC_WARN_ABOUT_RETURN_TYPE = YES_ERROR;
				GCC_WARN_UNDECLARED_SELECTOR = YES;
				GCC_WARN_UNINITIALIZED_AUTOS = YES_AGGRESSIVE;
				GCC_WARN_UNUSED_FUNCTION = YES;
				GCC_WARN_UNUSED_VARIABLE = YES;
				IPHONEOS_DEPLOYMENT_TARGET = 10.0;
				MTL_ENABLE_DEBUG_INFO = NO;
				SDKROOT = iphoneos;
				SWIFT_OPTIMIZATION_LEVEL = "-Owholemodule";
				TARGETED_DEVICE_FAMILY = "1,2";
				VALIDATE_PRODUCT = YES;
			};
			name = Release;
		};
		D8EE78861D8DAFFD00856D4A /* Debug */ = {
			isa = XCBuildConfiguration;
			baseConfigurationReference = 7A169DB1CE735DE2C03B8B5A /* Pods-HackMIT2016.debug.xcconfig */;
			buildSettings = {
				ASSETCATALOG_COMPILER_APPICON_NAME = AppIcon;
				DEVELOPMENT_TEAM = 9XWYL3K4YT;
				INFOPLIST_FILE = HackMIT2016/Info.plist;
				IPHONEOS_DEPLOYMENT_TARGET = 9.0;
				LD_RUNPATH_SEARCH_PATHS = "$(inherited) @executable_path/Frameworks";
				PRODUCT_BUNDLE_IDENTIFIER = nathangitter.HackMIT2016;
				PRODUCT_NAME = "$(TARGET_NAME)";
				SWIFT_VERSION = 3.0;
			};
			name = Debug;
		};
		D8EE78871D8DAFFD00856D4A /* Release */ = {
			isa = XCBuildConfiguration;
			baseConfigurationReference = 46484E08E304AED8AE1E1D84 /* Pods-HackMIT2016.release.xcconfig */;
			buildSettings = {
				ASSETCATALOG_COMPILER_APPICON_NAME = AppIcon;
				DEVELOPMENT_TEAM = 9XWYL3K4YT;
				INFOPLIST_FILE = HackMIT2016/Info.plist;
				IPHONEOS_DEPLOYMENT_TARGET = 9.0;
				LD_RUNPATH_SEARCH_PATHS = "$(inherited) @executable_path/Frameworks";
				PRODUCT_BUNDLE_IDENTIFIER = nathangitter.HackMIT2016;
				PRODUCT_NAME = "$(TARGET_NAME)";
				SWIFT_VERSION = 3.0;
			};
			name = Release;
		};
/* End XCBuildConfiguration section */

/* Begin XCConfigurationList section */
		D8EE786E1D8DAFFD00856D4A /* Build configuration list for PBXProject "HackMIT2016" */ = {
			isa = XCConfigurationList;
			buildConfigurations = (
				D8EE78831D8DAFFD00856D4A /* Debug */,
				D8EE78841D8DAFFD00856D4A /* Release */,
			);
			defaultConfigurationIsVisible = 0;
			defaultConfigurationName = Release;
		};
		D8EE78851D8DAFFD00856D4A /* Build configuration list for PBXNativeTarget "HackMIT2016" */ = {
			isa = XCConfigurationList;
			buildConfigurations = (
				D8EE78861D8DAFFD00856D4A /* Debug */,
				D8EE78871D8DAFFD00856D4A /* Release */,
			);
			defaultConfigurationIsVisible = 0;
			defaultConfigurationName = Release;
		};
/* End XCConfigurationList section */
	};
	rootObject = D8EE786B1D8DAFFD00856D4A /* Project object */;
}
